
Microsoft Visual Studio Solution File, Format Version 12.00
# Visual Studio Version 16
VisualStudioVersion = 16.0.31624.102
MinimumVisualStudioVersion = 10.0.40219.1
Project("{9A19103F-16F7-4668-BE54-9A1E7A4F7556}") = "Avito", "Avito\Avito.csproj", "{7904096E-C9CD-4FD8-B6C6-BB9DC31785CD}"
EndProject
Project("{9A19103F-16F7-4668-BE54-9A1E7A4F7556}") = "Server", "Server\Server.csproj", "{DF563083-4AB0-4468-95E8-B28AFFBE02D8}"
	ProjectSection(ProjectDependencies) = postProject
		{7904096E-C9CD-4FD8-B6C6-BB9DC31785CD} = {7904096E-C9CD-4FD8-B6C6-BB9DC31785CD}
	EndProjectSection
EndProject
Project("{9A19103F-16F7-4668-BE54-9A1E7A4F7556}") = "Client", "Client\Client.csproj", "{7D05D86A-2087-431F-B0EC-2405C7CE7B04}"
	ProjectSection(ProjectDependencies) = postProject
		{7904096E-C9CD-4FD8-B6C6-BB9DC31785CD} = {7904096E-C9CD-4FD8-B6C6-BB9DC31785CD}
	EndProjectSection
EndProject
Global
	GlobalSection(SolutionConfigurationPlatforms) = preSolution
		Debug|Any CPU = Debug|Any CPU
		Release|Any CPU = Release|Any CPU
	EndGlobalSection
	GlobalSection(ProjectConfigurationPlatforms) = postSolution
		{7904096E-C9CD-4FD8-B6C6-BB9DC31785CD}.Debug|Any CPU.ActiveCfg = Debug|Any CPU
		{7904096E-C9CD-4FD8-B6C6-BB9DC31785CD}.Debug|Any CPU.Build.0 = Debug|Any CPU
		{7904096E-C9CD-4FD8-B6C6-BB9DC31785CD}.Release|Any CPU.ActiveCfg = Release|Any CPU
		{7904096E-C9CD-4FD8-B6C6-BB9DC31785CD}.Release|Any CPU.Build.0 = Release|Any CPU
		{DF563083-4AB0-4468-95E8-B28AFFBE02D8}.Debug|Any CPU.ActiveCfg = Debug|Any CPU
		{DF563083-4AB0-4468-95E8-B28AFFBE02D8}.Debug|Any CPU.Build.0 = Debug|Any CPU
		{DF563083-4AB0-4468-95E8-B28AFFBE02D8}.Release|Any CPU.ActiveCfg = Release|Any CPU
		{DF563083-4AB0-4468-95E8-B28AFFBE02D8}.Release|Any CPU.Build.0 = Release|Any CPU
		{7D05D86A-2087-431F-B0EC-2405C7CE7B04}.Debug|Any CPU.ActiveCfg = Debug|Any CPU
		{7D05D86A-2087-431F-B0EC-2405C7CE7B04}.Debug|Any CPU.Build.0 = Debug|Any CPU
		{7D05D86A-2087-431F-B0EC-2405C7CE7B04}.Release|Any CPU.ActiveCfg = Release|Any CPU
		{7D05D86A-2087-431F-B0EC-2405C7CE7B04}.Release|Any CPU.Build.0 = Release|Any CPU
	EndGlobalSection
	GlobalSection(SolutionProperties) = preSolution
		HideSolutionNode = FALSE
	EndGlobalSection
	GlobalSection(ExtensibilityGlobals) = postSolution
		SolutionGuid = {5EDB9B6F-2318-4ACC-B56A-B805217D6812}
	EndGlobalSection
EndGlobal
