
Microsoft Visual Studio Solution File, Format Version 12.00
# Visual Studio Version 16
VisualStudioVersion = 16.0.31624.102
MinimumVisualStudioVersion = 10.0.40219.1
Project("{FAE04EC0-301F-11D3-BF4B-00C04F79EFBC}") = "Avito", "Avito\Avito.csproj", "{7904096E-C9CD-4FD8-B6C6-BB9DC31785CD}"
EndProject
Global
	GlobalSection(SolutionConfigurationPlatforms) = preSolution
		Debug|Any CPU = Debug|Any CPU
		Release|Any CPU = Release|Any CPU
	EndGlobalSection
	GlobalSection(ProjectConfigurationPlatforms) = postSolution
		{7904096E-C9CD-4FD8-B6C6-BB9DC31785CD}.Debug|Any CPU.ActiveCfg = Debug|Any CPU
		{7904096E-C9CD-4FD8-B6C6-BB9DC31785CD}.Debug|Any CPU.Build.0 = Debug|Any CPU
		{7904096E-C9CD-4FD8-B6C6-BB9DC31785CD}.Release|Any CPU.ActiveCfg = Release|Any CPU
		{7904096E-C9CD-4FD8-B6C6-BB9DC31785CD}.Release|Any CPU.Build.0 = Release|Any CPU
	EndGlobalSection
	GlobalSection(SolutionProperties) = preSolution
		HideSolutionNode = FALSE
	EndGlobalSection
	GlobalSection(ExtensibilityGlobals) = postSolution
		SolutionGuid = {5EDB9B6F-2318-4ACC-B56A-B805217D6812}
	EndGlobalSection
EndGlobal
